
Microsoft Visual Studio Solution File, Format Version 12.00
# Visual Studio Version 17
VisualStudioVersion = 17.4.33213.308
MinimumVisualStudioVersion = 10.0.40219.1
Project("{FAE04EC0-301F-11D3-BF4B-00C04F79EFBC}") = "AppliVol", "AppliVol\AppliVol.csproj", "{DEEB7921-C99B-4B46-9883-5F2F7A757AF6}"
EndProject
Global
	GlobalSection(SolutionConfigurationPlatforms) = preSolution
		Debug|Any CPU = Debug|Any CPU
		Release|Any CPU = Release|Any CPU
	EndGlobalSection
	GlobalSection(ProjectConfigurationPlatforms) = postSolution
		{DEEB7921-C99B-4B46-9883-5F2F7A757AF6}.Debug|Any CPU.ActiveCfg = Debug|Any CPU
		{DEEB7921-C99B-4B46-9883-5F2F7A757AF6}.Debug|Any CPU.Build.0 = Debug|Any CPU
		{DEEB7921-C99B-4B46-9883-5F2F7A757AF6}.Release|Any CPU.ActiveCfg = Release|Any CPU
		{DEEB7921-C99B-4B46-9883-5F2F7A757AF6}.Release|Any CPU.Build.0 = Release|Any CPU
	EndGlobalSection
	GlobalSection(SolutionProperties) = preSolution
		HideSolutionNode = FALSE
	EndGlobalSection
	GlobalSection(ExtensibilityGlobals) = postSolution
		SolutionGuid = {4DB8ED59-28CC-4972-8533-6F4EA6302461}
	EndGlobalSection
EndGlobal
